// !$*UTF8*$!
{
	archiveVersion = 1;
	classes = {
	};
	objectVersion = 46;
	objects = {

/* Begin PBXBuildFile section */
		8E9009581DD6E9BE0009E34D /* AppDelegate.swift in Sources */ = {isa = PBXBuildFile; fileRef = 8E9009571DD6E9BE0009E34D /* AppDelegate.swift */; };
		8E90095A1DD6E9BE0009E34D /* ViewController.swift in Sources */ = {isa = PBXBuildFile; fileRef = 8E9009591DD6E9BE0009E34D /* ViewController.swift */; };
		8E90095D1DD6E9BE0009E34D /* Main.storyboard in Resources */ = {isa = PBXBuildFile; fileRef = 8E90095B1DD6E9BE0009E34D /* Main.storyboard */; };
		8E90095F1DD6E9BE0009E34D /* Assets.xcassets in Resources */ = {isa = PBXBuildFile; fileRef = 8E90095E1DD6E9BE0009E34D /* Assets.xcassets */; };
		8E9009621DD6E9BE0009E34D /* LaunchScreen.storyboard in Resources */ = {isa = PBXBuildFile; fileRef = 8E9009601DD6E9BE0009E34D /* LaunchScreen.storyboard */; };
		8E90096D1DD6E9BE0009E34D /* app1Tests.swift in Sources */ = {isa = PBXBuildFile; fileRef = 8E90096C1DD6E9BE0009E34D /* app1Tests.swift */; };
		8E9009781DD6E9BE0009E34D /* app1UITests.swift in Sources */ = {isa = PBXBuildFile; fileRef = 8E9009771DD6E9BE0009E34D /* app1UITests.swift */; };
/* End PBXBuildFile section */

/* Begin PBXContainerItemProxy section */
		8E9009691DD6E9BE0009E34D /* PBXContainerItemProxy */ = {
			isa = PBXContainerItemProxy;
			containerPortal = 8E90094C1DD6E9BD0009E34D /* Project object */;
			proxyType = 1;
			remoteGlobalIDString = 8E9009531DD6E9BE0009E34D;
			remoteInfo = app1;
		};
		8E9009741DD6E9BE0009E34D /* PBXContainerItemProxy */ = {
			isa = PBXContainerItemProxy;
			containerPortal = 8E90094C1DD6E9BD0009E34D /* Project object */;
			proxyType = 1;
			remoteGlobalIDString = 8E9009531DD6E9BE0009E34D;
			remoteInfo = app1;
		};
/* End PBXContainerItemProxy section */

/* Begin PBXFileReference section */
		8E9009541DD6E9BE0009E34D /* app1.app */ = {isa = PBXFileReference; explicitFileType = wrapper.application; includeInIndex = 0; path = app1.app; sourceTree = BUILT_PRODUCTS_DIR; };
		8E9009571DD6E9BE0009E34D /* AppDelegate.swift */ = {isa = PBXFileReference; lastKnownFileType = sourcecode.swift; path = AppDelegate.swift; sourceTree = "<group>"; };
		8E9009591DD6E9BE0009E34D /* ViewController.swift */ = {isa = PBXFileReference; lastKnownFileType = sourcecode.swift; path = ViewController.swift; sourceTree = "<group>"; };
		8E90095C1DD6E9BE0009E34D /* Base */ = {isa = PBXFileReference; lastKnownFileType = file.storyboard; name = Base; path = Base.lproj/Main.storyboard; sourceTree = "<group>"; };
		8E90095E1DD6E9BE0009E34D /* Assets.xcassets */ = {isa = PBXFileReference; lastKnownFileType = folder.assetcatalog; path = Assets.xcassets; sourceTree = "<group>"; };
		8E9009611DD6E9BE0009E34D /* Base */ = {isa = PBXFileReference; lastKnownFileType = file.storyboard; name = Base; path = Base.lproj/LaunchScreen.storyboard; sourceTree = "<group>"; };
		8E9009631DD6E9BE0009E34D /* Info.plist */ = {isa = PBXFileReference; lastKnownFileType = text.plist.xml; path = Info.plist; sourceTree = "<group>"; };
		8E9009681DD6E9BE0009E34D /* app1Tests.xctest */ = {isa = PBXFileReference; explicitFileType = wrapper.cfbundle; includeInIndex = 0; path = app1Tests.xctest; sourceTree = BUILT_PRODUCTS_DIR; };
		8E90096C1DD6E9BE0009E34D /* app1Tests.swift */ = {isa = PBXFileReference; lastKnownFileType = sourcecode.swift; path = app1Tests.swift; sourceTree = "<group>"; };
		8E90096E1DD6E9BE0009E34D /* Info.plist */ = {isa = PBXFileReference; lastKnownFileType = text.plist.xml; path = Info.plist; sourceTree = "<group>"; };
		8E9009731DD6E9BE0009E34D /* app1UITests.xctest */ = {isa = PBXFileReference; explicitFileType = wrapper.cfbundle; includeInIndex = 0; path = app1UITests.xctest; sourceTree = BUILT_PRODUCTS_DIR; };
		8E9009771DD6E9BE0009E34D /* app1UITests.swift */ = {isa = PBXFileReference; lastKnownFileType = sourcecode.swift; path = app1UITests.swift; sourceTree = "<group>"; };
		8E9009791DD6E9BF0009E34D /* Info.plist */ = {isa = PBXFileReference; lastKnownFileType = text.plist.xml; path = Info.plist; sourceTree = "<group>"; };
/* End PBXFileReference section */

/* Begin PBXFrameworksBuildPhase section */
		8E9009511DD6E9BE0009E34D /* Frameworks */ = {
			isa = PBXFrameworksBuildPhase;
			buildActionMask = 2147483647;
			files = (
			);
			runOnlyForDeploymentPostprocessing = 0;
		};
		8E9009651DD6E9BE0009E34D /* Frameworks */ = {
			isa = PBXFrameworksBuildPhase;
			buildActionMask = 2147483647;
			files = (
			);
			runOnlyForDeploymentPostprocessing = 0;
		};
		8E9009701DD6E9BE0009E34D /* Frameworks */ = {
			isa = PBXFrameworksBuildPhase;
			buildActionMask = 2147483647;
			files = (
			);
			runOnlyForDeploymentPostprocessing = 0;
		};
/* End PBXFrameworksBuildPhase section */

/* Begin PBXGroup section */
		8E90094B1DD6E9BD0009E34D = {
			isa = PBXGroup;
			children = (
				8E9009561DD6E9BE0009E34D /* app1 */,
				8E90096B1DD6E9BE0009E34D /* app1Tests */,
				8E9009761DD6E9BE0009E34D /* app1UITests */,
				8E9009551DD6E9BE0009E34D /* Products */,
			);
			sourceTree = "<group>";
		};
		8E9009551DD6E9BE0009E34D /* Products */ = {
			isa = PBXGroup;
			children = (
				8E9009541DD6E9BE0009E34D /* app1.app */,
				8E9009681DD6E9BE0009E34D /* app1Tests.xctest */,
				8E9009731DD6E9BE0009E34D /* app1UITests.xctest */,
			);
			name = Products;
			sourceTree = "<group>";
		};
		8E9009561DD6E9BE0009E34D /* app1 */ = {
			isa = PBXGroup;
			children = (
				8E9009571DD6E9BE0009E34D /* AppDelegate.swift */,
				8E9009591DD6E9BE0009E34D /* ViewController.swift */,
				8E90095B1DD6E9BE0009E34D /* Main.storyboard */,
				8E90095E1DD6E9BE0009E34D /* Assets.xcassets */,
				8E9009601DD6E9BE0009E34D /* LaunchScreen.storyboard */,
				8E9009631DD6E9BE0009E34D /* Info.plist */,
			);
			path = app1;
			sourceTree = "<group>";
		};
		8E90096B1DD6E9BE0009E34D /* app1Tests */ = {
			isa = PBXGroup;
			children = (
				8E90096C1DD6E9BE0009E34D /* app1Tests.swift */,
				8E90096E1DD6E9BE0009E34D /* Info.plist */,
			);
			path = app1Tests;
			sourceTree = "<group>";
		};
		8E9009761DD6E9BE0009E34D /* app1UITests */ = {
			isa = PBXGroup;
			children = (
				8E9009771DD6E9BE0009E34D /* app1UITests.swift */,
				8E9009791DD6E9BF0009E34D /* Info.plist */,
			);
			path = app1UITests;
			sourceTree = "<group>";
		};
/* End PBXGroup section */

/* Begin PBXNativeTarget section */
		8E9009531DD6E9BE0009E34D /* app1 */ = {
			isa = PBXNativeTarget;
			buildConfigurationList = 8E90097C1DD6E9BF0009E34D /* Build configuration list for PBXNativeTarget "app1" */;
			buildPhases = (
				8E9009501DD6E9BE0009E34D /* Sources */,
				8E9009511DD6E9BE0009E34D /* Frameworks */,
				8E9009521DD6E9BE0009E34D /* Resources */,
			);
			buildRules = (
			);
			dependencies = (
			);
			name = app1;
			productName = app1;
			productReference = 8E9009541DD6E9BE0009E34D /* app1.app */;
			productType = "com.apple.product-type.application";
		};
		8E9009671DD6E9BE0009E34D /* app1Tests */ = {
			isa = PBXNativeTarget;
			buildConfigurationList = 8E90097F1DD6E9BF0009E34D /* Build configuration list for PBXNativeTarget "app1Tests" */;
			buildPhases = (
				8E9009641DD6E9BE0009E34D /* Sources */,
				8E9009651DD6E9BE0009E34D /* Frameworks */,
				8E9009661DD6E9BE0009E34D /* Resources */,
			);
			buildRules = (
			);
			dependencies = (
				8E90096A1DD6E9BE0009E34D /* PBXTargetDependency */,
			);
			name = app1Tests;
			productName = app1Tests;
			productReference = 8E9009681DD6E9BE0009E34D /* app1Tests.xctest */;
			productType = "com.apple.product-type.bundle.unit-test";
		};
		8E9009721DD6E9BE0009E34D /* app1UITests */ = {
			isa = PBXNativeTarget;
			buildConfigurationList = 8E9009821DD6E9BF0009E34D /* Build configuration list for PBXNativeTarget "app1UITests" */;
			buildPhases = (
				8E90096F1DD6E9BE0009E34D /* Sources */,
				8E9009701DD6E9BE0009E34D /* Frameworks */,
				8E9009711DD6E9BE0009E34D /* Resources */,
			);
			buildRules = (
			);
			dependencies = (
				8E9009751DD6E9BE0009E34D /* PBXTargetDependency */,
			);
			name = app1UITests;
			productName = app1UITests;
			productReference = 8E9009731DD6E9BE0009E34D /* app1UITests.xctest */;
			productType = "com.apple.product-type.bundle.ui-testing";
		};
/* End PBXNativeTarget section */

/* Begin PBXProject section */
		8E90094C1DD6E9BD0009E34D /* Project object */ = {
			isa = PBXProject;
			attributes = {
				LastSwiftUpdateCheck = 0810;
				LastUpgradeCheck = 0810;
				ORGANIZATIONNAME = mabvmet;
				TargetAttributes = {
					8E9009531DD6E9BE0009E34D = {
						CreatedOnToolsVersion = 8.1;
						ProvisioningStyle = Automatic;
					};
					8E9009671DD6E9BE0009E34D = {
						CreatedOnToolsVersion = 8.1;
						ProvisioningStyle = Automatic;
						TestTargetID = 8E9009531DD6E9BE0009E34D;
					};
					8E9009721DD6E9BE0009E34D = {
						CreatedOnToolsVersion = 8.1;
						ProvisioningStyle = Automatic;
						TestTargetID = 8E9009531DD6E9BE0009E34D;
					};
				};
			};
			buildConfigurationList = 8E90094F1DD6E9BD0009E34D /* Build configuration list for PBXProject "app1" */;
			compatibilityVersion = "Xcode 3.2";
			developmentRegion = English;
			hasScannedForEncodings = 0;
			knownRegions = (
				en,
				Base,
			);
			mainGroup = 8E90094B1DD6E9BD0009E34D;
			productRefGroup = 8E9009551DD6E9BE0009E34D /* Products */;
			projectDirPath = "";
			projectRoot = "";
			targets = (
				8E9009531DD6E9BE0009E34D /* app1 */,
				8E9009671DD6E9BE0009E34D /* app1Tests */,
				8E9009721DD6E9BE0009E34D /* app1UITests */,
			);
		};
/* End PBXProject section */

/* Begin PBXResourcesBuildPhase section */
		8E9009521DD6E9BE0009E34D /* Resources */ = {
			isa = PBXResourcesBuildPhase;
			buildActionMask = 2147483647;
			files = (
				8E9009621DD6E9BE0009E34D /* LaunchScreen.storyboard in Resources */,
				8E90095F1DD6E9BE0009E34D /* Assets.xcassets in Resources */,
				8E90095D1DD6E9BE0009E34D /* Main.storyboard in Resources */,
			);
			runOnlyForDeploymentPostprocessing = 0;
		};
		8E9009661DD6E9BE0009E34D /* Resources */ = {
			isa = PBXResourcesBuildPhase;
			buildActionMask = 2147483647;
			files = (
			);
			runOnlyForDeploymentPostprocessing = 0;
		};
		8E9009711DD6E9BE0009E34D /* Resources */ = {
			isa = PBXResourcesBuildPhase;
			buildActionMask = 2147483647;
			files = (
			);
			runOnlyForDeploymentPostprocessing = 0;
		};
/* End PBXResourcesBuildPhase section */

/* Begin PBXSourcesBuildPhase section */
		8E9009501DD6E9BE0009E34D /* Sources */ = {
			isa = PBXSourcesBuildPhase;
			buildActionMask = 2147483647;
			files = (
				8E90095A1DD6E9BE0009E34D /* ViewController.swift in Sources */,
				8E9009581DD6E9BE0009E34D /* AppDelegate.swift in Sources */,
			);
			runOnlyForDeploymentPostprocessing = 0;
		};
		8E9009641DD6E9BE0009E34D /* Sources */ = {
			isa = PBXSourcesBuildPhase;
			buildActionMask = 2147483647;
			files = (
				8E90096D1DD6E9BE0009E34D /* app1Tests.swift in Sources */,
			);
			runOnlyForDeploymentPostprocessing = 0;
		};
		8E90096F1DD6E9BE0009E34D /* Sources */ = {
			isa = PBXSourcesBuildPhase;
			buildActionMask = 2147483647;
			files = (
				8E9009781DD6E9BE0009E34D /* app1UITests.swift in Sources */,
			);
			runOnlyForDeploymentPostprocessing = 0;
		};
/* End PBXSourcesBuildPhase section */

/* Begin PBXTargetDependency section */
		8E90096A1DD6E9BE0009E34D /* PBXTargetDependency */ = {
			isa = PBXTargetDependency;
			target = 8E9009531DD6E9BE0009E34D /* app1 */;
			targetProxy = 8E9009691DD6E9BE0009E34D /* PBXContainerItemProxy */;
		};
		8E9009751DD6E9BE0009E34D /* PBXTargetDependency */ = {
			isa = PBXTargetDependency;
			target = 8E9009531DD6E9BE0009E34D /* app1 */;
			targetProxy = 8E9009741DD6E9BE0009E34D /* PBXContainerItemProxy */;
		};
/* End PBXTargetDependency section */

/* Begin PBXVariantGroup section */
		8E90095B1DD6E9BE0009E34D /* Main.storyboard */ = {
			isa = PBXVariantGroup;
			children = (
				8E90095C1DD6E9BE0009E34D /* Base */,
			);
			name = Main.storyboard;
			sourceTree = "<group>";
		};
		8E9009601DD6E9BE0009E34D /* LaunchScreen.storyboard */ = {
			isa = PBXVariantGroup;
			children = (
				8E9009611DD6E9BE0009E34D /* Base */,
			);
			name = LaunchScreen.storyboard;
			sourceTree = "<group>";
		};
/* End PBXVariantGroup section */

/* Begin XCBuildConfiguration section */
		8E90097A1DD6E9BF0009E34D /* Debug */ = {
			isa = XCBuildConfiguration;
			buildSettings = {
				ALWAYS_SEARCH_USER_PATHS = NO;
				CLANG_ANALYZER_NONNULL = YES;
				CLANG_CXX_LANGUAGE_STANDARD = "gnu++0x";
				CLANG_CXX_LIBRARY = "libc++";
				CLANG_ENABLE_MODULES = YES;
				CLANG_ENABLE_OBJC_ARC = YES;
				CLANG_WARN_BOOL_CONVERSION = YES;
				CLANG_WARN_CONSTANT_CONVERSION = YES;
				CLANG_WARN_DIRECT_OBJC_ISA_USAGE = YES_ERROR;
				CLANG_WARN_DOCUMENTATION_COMMENTS = YES;
				CLANG_WARN_EMPTY_BODY = YES;
				CLANG_WARN_ENUM_CONVERSION = YES;
				CLANG_WARN_INFINITE_RECURSION = YES;
				CLANG_WARN_INT_CONVERSION = YES;
				CLANG_WARN_OBJC_ROOT_CLASS = YES_ERROR;
				CLANG_WARN_SUSPICIOUS_MOVES = YES;
				CLANG_WARN_UNREACHABLE_CODE = YES;
				CLANG_WARN__DUPLICATE_METHOD_MATCH = YES;
				"CODE_SIGN_IDENTITY[sdk=iphoneos*]" = "iPhone Developer";
				COPY_PHASE_STRIP = NO;
				DEBUG_INFORMATION_FORMAT = dwarf;
				ENABLE_STRICT_OBJC_MSGSEND = YES;
				ENABLE_TESTABILITY = YES;
				GCC_C_LANGUAGE_STANDARD = gnu99;
				GCC_DYNAMIC_NO_PIC = NO;
				GCC_NO_COMMON_BLOCKS = YES;
				GCC_OPTIMIZATION_LEVEL = 0;
				GCC_PREPROCESSOR_DEFINITIONS = (
					"DEBUG=1",
					"$(inherited)",
				);
				GCC_WARN_64_TO_32_BIT_CONVERSION = YES;
				GCC_WARN_ABOUT_RETURN_TYPE = YES_ERROR;
				GCC_WARN_UNDECLARED_SELECTOR = YES;
				GCC_WARN_UNINITIALIZED_AUTOS = YES_AGGRESSIVE;
				GCC_WARN_UNUSED_FUNCTION = YES;
				GCC_WARN_UNUSED_VARIABLE = YES;
				IPHONEOS_DEPLOYMENT_TARGET = 10.1;
				MTL_ENABLE_DEBUG_INFO = YES;
				ONLY_ACTIVE_ARCH = YES;
				SDKROOT = iphoneos;
				SWIFT_ACTIVE_COMPILATION_CONDITIONS = DEBUG;
				SWIFT_OPTIMIZATION_LEVEL = "-Onone";
			};
			name = Debug;
		};
		8E90097B1DD6E9BF0009E34D /* Release */ = {
			isa = XCBuildConfiguration;
			buildSettings = {
				ALWAYS_SEARCH_USER_PATHS = NO;
				CLANG_ANALYZER_NONNULL = YES;
				CLANG_CXX_LANGUAGE_STANDARD = "gnu++0x";
				CLANG_CXX_LIBRARY = "libc++";
				CLANG_ENABLE_MODULES = YES;
				CLANG_ENABLE_OBJC_ARC = YES;
				CLANG_WARN_BOOL_CONVERSION = YES;
				CLANG_WARN_CONSTANT_CONVERSION = YES;
				CLANG_WARN_DIRECT_OBJC_ISA_USAGE = YES_ERROR;
				CLANG_WARN_DOCUMENTATION_COMMENTS = YES;
				CLANG_WARN_EMPTY_BODY = YES;
				CLANG_WARN_ENUM_CONVERSION = YES;
				CLANG_WARN_INFINITE_RECURSION = YES;
				CLANG_WARN_INT_CONVERSION = YES;
				CLANG_WARN_OBJC_ROOT_CLASS = YES_ERROR;
				CLANG_WARN_SUSPICIOUS_MOVES = YES;
				CLANG_WARN_UNREACHABLE_CODE = YES;
				CLANG_WARN__DUPLICATE_METHOD_MATCH = YES;
				"CODE_SIGN_IDENTITY[sdk=iphoneos*]" = "iPhone Developer";
				COPY_PHASE_STRIP = NO;
				DEBUG_INFORMATION_FORMAT = "dwarf-with-dsym";
				ENABLE_NS_ASSERTIONS = NO;
				ENABLE_STRICT_OBJC_MSGSEND = YES;
				GCC_C_LANGUAGE_STANDARD = gnu99;
				GCC_NO_COMMON_BLOCKS = YES;
				GCC_WARN_64_TO_32_BIT_CONVERSION = YES;
				GCC_WARN_ABOUT_RETURN_TYPE = YES_ERROR;
				GCC_WARN_UNDECLARED_SELECTOR = YES;
				GCC_WARN_UNINITIALIZED_AUTOS = YES_AGGRESSIVE;
				GCC_WARN_UNUSED_FUNCTION = YES;
				GCC_WARN_UNUSED_VARIABLE = YES;
				IPHONEOS_DEPLOYMENT_TARGET = 10.1;
				MTL_ENABLE_DEBUG_INFO = NO;
				SDKROOT = iphoneos;
				SWIFT_OPTIMIZATION_LEVEL = "-Owholemodule";
				VALIDATE_PRODUCT = YES;
			};
			name = Release;
		};
		8E90097D1DD6E9BF0009E34D /* Debug */ = {
			isa = XCBuildConfiguration;
			buildSettings = {
				ASSETCATALOG_COMPILER_APPICON_NAME = AppIcon;
				INFOPLIST_FILE = app1/Info.plist;
				LD_RUNPATH_SEARCH_PATHS = "$(inherited) @executable_path/Frameworks";
				PRODUCT_BUNDLE_IDENTIFIER = mabvmex.app1;
				PRODUCT_NAME = "$(TARGET_NAME)";
				SWIFT_VERSION = 3.0;
			};
			name = Debug;
		};
		8E90097E1DD6E9BF0009E34D /* Release */ = {
			isa = XCBuildConfiguration;
			buildSettings = {
				ASSETCATALOG_COMPILER_APPICON_NAME = AppIcon;
				INFOPLIST_FILE = app1/Info.plist;
				LD_RUNPATH_SEARCH_PATHS = "$(inherited) @executable_path/Frameworks";
				PRODUCT_BUNDLE_IDENTIFIER = mabvmex.app1;
				PRODUCT_NAME = "$(TARGET_NAME)";
				SWIFT_VERSION = 3.0;
			};
			name = Release;
		};
		8E9009801DD6E9BF0009E34D /* Debug */ = {
			isa = XCBuildConfiguration;
			buildSettings = {
				ALWAYS_EMBED_SWIFT_STANDARD_LIBRARIES = YES;
				BUNDLE_LOADER = "$(TEST_HOST)";
				INFOPLIST_FILE = app1Tests/Info.plist;
				LD_RUNPATH_SEARCH_PATHS = "$(inherited) @executable_path/Frameworks @loader_path/Frameworks";
				PRODUCT_BUNDLE_IDENTIFIER = mabvmex.app1Tests;
				PRODUCT_NAME = "$(TARGET_NAME)";
				SWIFT_VERSION = 3.0;
				TEST_HOST = "$(BUILT_PRODUCTS_DIR)/app1.app/app1";
			};
			name = Debug;
		};
		8E9009811DD6E9BF0009E34D /* Release */ = {
			isa = XCBuildConfiguration;
			buildSettings = {
				ALWAYS_EMBED_SWIFT_STANDARD_LIBRARIES = YES;
				BUNDLE_LOADER = "$(TEST_HOST)";
				INFOPLIST_FILE = app1Tests/Info.plist;
				LD_RUNPATH_SEARCH_PATHS = "$(inherited) @executable_path/Frameworks @loader_path/Frameworks";
				PRODUCT_BUNDLE_IDENTIFIER = mabvmex.app1Tests;
				PRODUCT_NAME = "$(TARGET_NAME)";
				SWIFT_VERSION = 3.0;
				TEST_HOST = "$(BUILT_PRODUCTS_DIR)/app1.app/app1";
			};
			name = Release;
		};
		8E9009831DD6E9BF0009E34D /* Debug */ = {
			isa = XCBuildConfiguration;
			buildSettings = {
				ALWAYS_EMBED_SWIFT_STANDARD_LIBRARIES = YES;
				INFOPLIST_FILE = app1UITests/Info.plist;
				LD_RUNPATH_SEARCH_PATHS = "$(inherited) @executable_path/Frameworks @loader_path/Frameworks";
				PRODUCT_BUNDLE_IDENTIFIER = mabvmex.app1UITests;
				PRODUCT_NAME = "$(TARGET_NAME)";
				SWIFT_VERSION = 3.0;
				TEST_TARGET_NAME = app1;
			};
			name = Debug;
		};
		8E9009841DD6E9BF0009E34D /* Release */ = {
			isa = XCBuildConfiguration;
			buildSettings = {
				ALWAYS_EMBED_SWIFT_STANDARD_LIBRARIES = YES;
				INFOPLIST_FILE = app1UITests/Info.plist;
				LD_RUNPATH_SEARCH_PATHS = "$(inherited) @executable_path/Frameworks @loader_path/Frameworks";
				PRODUCT_BUNDLE_IDENTIFIER = mabvmex.app1UITests;
				PRODUCT_NAME = "$(TARGET_NAME)";
				SWIFT_VERSION = 3.0;
				TEST_TARGET_NAME = app1;
			};
			name = Release;
		};
/* End XCBuildConfiguration section */

/* Begin XCConfigurationList section */
		8E90094F1DD6E9BD0009E34D /* Build configuration list for PBXProject "app1" */ = {
			isa = XCConfigurationList;
			buildConfigurations = (
				8E90097A1DD6E9BF0009E34D /* Debug */,
				8E90097B1DD6E9BF0009E34D /* Release */,
			);
			defaultConfigurationIsVisible = 0;
			defaultConfigurationName = Release;
		};
		8E90097C1DD6E9BF0009E34D /* Build configuration list for PBXNativeTarget "app1" */ = {
			isa = XCConfigurationList;
			buildConfigurations = (
				8E90097D1DD6E9BF0009E34D /* Debug */,
				8E90097E1DD6E9BF0009E34D /* Release */,
			);
			defaultConfigurationIsVisible = 0;
		};
		8E90097F1DD6E9BF0009E34D /* Build configuration list for PBXNativeTarget "app1Tests" */ = {
			isa = XCConfigurationList;
			buildConfigurations = (
				8E9009801DD6E9BF0009E34D /* Debug */,
				8E9009811DD6E9BF0009E34D /* Release */,
			);
			defaultConfigurationIsVisible = 0;
		};
		8E9009821DD6E9BF0009E34D /* Build configuration list for PBXNativeTarget "app1UITests" */ = {
			isa = XCConfigurationList;
			buildConfigurations = (
				8E9009831DD6E9BF0009E34D /* Debug */,
				8E9009841DD6E9BF0009E34D /* Release */,
			);
			defaultConfigurationIsVisible = 0;
		};
/* End XCConfigurationList section */
	};
	rootObject = 8E90094C1DD6E9BD0009E34D /* Project object */;
}
